
Microsoft Visual Studio Solution File, Format Version 12.00
# Visual Studio Version 16
VisualStudioVersion = 16.0.31005.135
MinimumVisualStudioVersion = 10.0.40219.1
Project("{FAE04EC0-301F-11D3-BF4B-00C04F79EFBC}") = "Episode-6", "Episode-6.csproj", "{C0CF0BF6-EF93-426A-A051-1CDC76E6AAE8}"
EndProject
Global
	GlobalSection(SolutionConfigurationPlatforms) = preSolution
		Debug|Any CPU = Debug|Any CPU
		Release|Any CPU = Release|Any CPU
	EndGlobalSection
	GlobalSection(ProjectConfigurationPlatforms) = postSolution
		{C0CF0BF6-EF93-426A-A051-1CDC76E6AAE8}.Debug|Any CPU.ActiveCfg = Debug|Any CPU
		{C0CF0BF6-EF93-426A-A051-1CDC76E6AAE8}.Debug|Any CPU.Build.0 = Debug|Any CPU
		{C0CF0BF6-EF93-426A-A051-1CDC76E6AAE8}.Release|Any CPU.ActiveCfg = Release|Any CPU
		{C0CF0BF6-EF93-426A-A051-1CDC76E6AAE8}.Release|Any CPU.Build.0 = Release|Any CPU
	EndGlobalSection
	GlobalSection(SolutionProperties) = preSolution
		HideSolutionNode = FALSE
	EndGlobalSection
	GlobalSection(ExtensibilityGlobals) = postSolution
		SolutionGuid = {20A71F4A-40CD-46E6-89E2-A4C6EC234CD6}
	EndGlobalSection
EndGlobal
